
Microsoft Visual Studio Solution File, Format Version 12.00
# Visual Studio 2012
Project("{FAE04EC0-301F-11D3-BF4B-00C04F79EFBC}") = "Gestos-UDM", "Gestos-UDM\Gestos-UDM.csproj", "{55F8764C-7173-4A0B-A5BE-DF7E52179F1F}"
EndProject
Global
	GlobalSection(SolutionConfigurationPlatforms) = preSolution
		Debug|iPhoneSimulator = Debug|iPhoneSimulator
		Release|iPhone = Release|iPhone
		Release|iPhoneSimulator = Release|iPhoneSimulator
		Debug|iPhone = Debug|iPhone
	EndGlobalSection
	GlobalSection(ProjectConfigurationPlatforms) = postSolution
		{55F8764C-7173-4A0B-A5BE-DF7E52179F1F}.Debug|iPhoneSimulator.ActiveCfg = Debug|iPhoneSimulator
		{55F8764C-7173-4A0B-A5BE-DF7E52179F1F}.Debug|iPhoneSimulator.Build.0 = Debug|iPhoneSimulator
		{55F8764C-7173-4A0B-A5BE-DF7E52179F1F}.Release|iPhone.ActiveCfg = Release|iPhone
		{55F8764C-7173-4A0B-A5BE-DF7E52179F1F}.Release|iPhone.Build.0 = Release|iPhone
		{55F8764C-7173-4A0B-A5BE-DF7E52179F1F}.Release|iPhoneSimulator.ActiveCfg = Release|iPhoneSimulator
		{55F8764C-7173-4A0B-A5BE-DF7E52179F1F}.Release|iPhoneSimulator.Build.0 = Release|iPhoneSimulator
		{55F8764C-7173-4A0B-A5BE-DF7E52179F1F}.Debug|iPhone.ActiveCfg = Debug|iPhone
		{55F8764C-7173-4A0B-A5BE-DF7E52179F1F}.Debug|iPhone.Build.0 = Debug|iPhone
	EndGlobalSection
EndGlobal
